
Microsoft Visual Studio Solution File, Format Version 12.00
# Visual Studio 15
VisualStudioVersion = 15.0.27130.0
MinimumVisualStudioVersion = 10.0.40219.1
Project("{9A19103F-16F7-4668-BE54-9A1E7A4F7556}") = "AspNetCore.LegacyAuthCookieCompat.Tests", "AspNetCore.LegacyAuthCookieCompat.Tests\AspNetCore.LegacyAuthCookieCompat.Tests.csproj", "{B7C14A90-3BE8-4D09-8FC8-CC4AF0BF15AE}"
EndProject
Project("{9A19103F-16F7-4668-BE54-9A1E7A4F7556}") = "AspNetCore.LegacyAuthCookieCompat", "AspNetCore.LegacyAuthCookieCompat\AspNetCore.LegacyAuthCookieCompat.csproj", "{03A8DE88-D480-4B4D-93A4-7522E5E13F43}"
EndProject
Global
	GlobalSection(SolutionConfigurationPlatforms) = preSolution
		Debug|Any CPU = Debug|Any CPU
		Debug|x64 = Debug|x64
		Debug|x86 = Debug|x86
		Release|Any CPU = Release|Any CPU
		Release|x64 = Release|x64
		Release|x86 = Release|x86
	EndGlobalSection
	GlobalSection(ProjectConfigurationPlatforms) = postSolution
		{B7C14A90-3BE8-4D09-8FC8-CC4AF0BF15AE}.Debug|Any CPU.ActiveCfg = Debug|Any CPU
		{B7C14A90-3BE8-4D09-8FC8-CC4AF0BF15AE}.Debug|Any CPU.Build.0 = Debug|Any CPU
		{B7C14A90-3BE8-4D09-8FC8-CC4AF0BF15AE}.Debug|x64.ActiveCfg = Debug|Any CPU
		{B7C14A90-3BE8-4D09-8FC8-CC4AF0BF15AE}.Debug|x64.Build.0 = Debug|Any CPU
		{B7C14A90-3BE8-4D09-8FC8-CC4AF0BF15AE}.Debug|x86.ActiveCfg = Debug|Any CPU
		{B7C14A90-3BE8-4D09-8FC8-CC4AF0BF15AE}.Debug|x86.Build.0 = Debug|Any CPU
		{B7C14A90-3BE8-4D09-8FC8-CC4AF0BF15AE}.Release|Any CPU.ActiveCfg = Release|Any CPU
		{B7C14A90-3BE8-4D09-8FC8-CC4AF0BF15AE}.Release|Any CPU.Build.0 = Release|Any CPU
		{B7C14A90-3BE8-4D09-8FC8-CC4AF0BF15AE}.Release|x64.ActiveCfg = Release|Any CPU
		{B7C14A90-3BE8-4D09-8FC8-CC4AF0BF15AE}.Release|x64.Build.0 = Release|Any CPU
		{B7C14A90-3BE8-4D09-8FC8-CC4AF0BF15AE}.Release|x86.ActiveCfg = Release|Any CPU
		{B7C14A90-3BE8-4D09-8FC8-CC4AF0BF15AE}.Release|x86.Build.0 = Release|Any CPU
		{03A8DE88-D480-4B4D-93A4-7522E5E13F43}.Debug|Any CPU.ActiveCfg = Debug|Any CPU
		{03A8DE88-D480-4B4D-93A4-7522E5E13F43}.Debug|Any CPU.Build.0 = Debug|Any CPU
		{03A8DE88-D480-4B4D-93A4-7522E5E13F43}.Debug|x64.ActiveCfg = Debug|Any CPU
		{03A8DE88-D480-4B4D-93A4-7522E5E13F43}.Debug|x64.Build.0 = Debug|Any CPU
		{03A8DE88-D480-4B4D-93A4-7522E5E13F43}.Debug|x86.ActiveCfg = Debug|Any CPU
		{03A8DE88-D480-4B4D-93A4-7522E5E13F43}.Debug|x86.Build.0 = Debug|Any CPU
		{03A8DE88-D480-4B4D-93A4-7522E5E13F43}.Release|Any CPU.ActiveCfg = Release|Any CPU
		{03A8DE88-D480-4B4D-93A4-7522E5E13F43}.Release|Any CPU.Build.0 = Release|Any CPU
		{03A8DE88-D480-4B4D-93A4-7522E5E13F43}.Release|x64.ActiveCfg = Release|Any CPU
		{03A8DE88-D480-4B4D-93A4-7522E5E13F43}.Release|x64.Build.0 = Release|Any CPU
		{03A8DE88-D480-4B4D-93A4-7522E5E13F43}.Release|x86.ActiveCfg = Release|Any CPU
		{03A8DE88-D480-4B4D-93A4-7522E5E13F43}.Release|x86.Build.0 = Release|Any CPU
	EndGlobalSection
	GlobalSection(SolutionProperties) = preSolution
		HideSolutionNode = FALSE
	EndGlobalSection
	GlobalSection(ExtensibilityGlobals) = postSolution
		SolutionGuid = {B48EAEB7-E029-4590-ADF4-358B2E511822}
	EndGlobalSection
EndGlobal
